
Microsoft Visual Studio Solution File, Format Version 12.00
# Visual Studio Version 17
VisualStudioVersion = 17.14.37314.3 d17.14
MinimumVisualStudioVersion = 10.0.40219.1
Project("{FAE04EC0-301F-11D3-BF4B-00C04F79EFBC}") = "Financial System", "Financial System.csproj", "{6DB1B10F-FB2B-3674-5B59-12EFDC67E72F}"
EndProject
Global
	GlobalSection(SolutionConfigurationPlatforms) = preSolution
		Debug|Any CPU = Debug|Any CPU
		Release|Any CPU = Release|Any CPU
	EndGlobalSection
	GlobalSection(ProjectConfigurationPlatforms) = postSolution
		{6DB1B10F-FB2B-3674-5B59-12EFDC67E72F}.Debug|Any CPU.ActiveCfg = Debug|Any CPU
		{6DB1B10F-FB2B-3674-5B59-12EFDC67E72F}.Debug|Any CPU.Build.0 = Debug|Any CPU
		{6DB1B10F-FB2B-3674-5B59-12EFDC67E72F}.Release|Any CPU.ActiveCfg = Release|Any CPU
		{6DB1B10F-FB2B-3674-5B59-12EFDC67E72F}.Release|Any CPU.Build.0 = Release|Any CPU
	EndGlobalSection
	GlobalSection(SolutionProperties) = preSolution
		HideSolutionNode = FALSE
	EndGlobalSection
	GlobalSection(ExtensibilityGlobals) = postSolution
		SolutionGuid = {72AC0361-380A-487A-9FF4-24CFDCC469E4}
	EndGlobalSection
EndGlobal
