
Microsoft Visual Studio Solution File, Format Version 12.00
# Visual Studio Version 17
VisualStudioVersion = 17.14.37314.3 d17.14
MinimumVisualStudioVersion = 10.0.40219.1
Project("{FAE04EC0-301F-11D3-BF4B-00C04F79EFBC}") = "Financial System", "Financial System\Financial System.csproj", "{464736AE-F808-4EA7-A807-4FF16B173052}"
EndProject
Global
	GlobalSection(SolutionConfigurationPlatforms) = preSolution
		Debug|Any CPU = Debug|Any CPU
		Release|Any CPU = Release|Any CPU
	EndGlobalSection
	GlobalSection(ProjectConfigurationPlatforms) = postSolution
		{464736AE-F808-4EA7-A807-4FF16B173052}.Debug|Any CPU.ActiveCfg = Debug|Any CPU
		{464736AE-F808-4EA7-A807-4FF16B173052}.Debug|Any CPU.Build.0 = Debug|Any CPU
		{464736AE-F808-4EA7-A807-4FF16B173052}.Release|Any CPU.ActiveCfg = Release|Any CPU
		{464736AE-F808-4EA7-A807-4FF16B173052}.Release|Any CPU.Build.0 = Release|Any CPU
	EndGlobalSection
	GlobalSection(SolutionProperties) = preSolution
		HideSolutionNode = FALSE
	EndGlobalSection
	GlobalSection(ExtensibilityGlobals) = postSolution
		SolutionGuid = {E75069F2-D614-4ADE-9715-FF67109E527C}
	EndGlobalSection
EndGlobal
